
Microsoft Visual Studio Solution File, Format Version 12.00
# Visual Studio Version 17
VisualStudioVersion = 17.10.35027.167
MinimumVisualStudioVersion = 10.0.40219.1
Project("{9A19103F-16F7-4668-BE54-9A1E7A4F7556}") = "TaskFormApp", "TaskFormApp\TaskFormApp.csproj", "{27FE40A2-D88E-4C81-A0D9-FD791E2C508B}"
EndProject
Project("{9A19103F-16F7-4668-BE54-9A1E7A4F7556}") = "TaskWebApp.API", "TaskWebApp.API\TaskWebApp.API.csproj", "{D7E53F6A-FD5C-45F8-96F5-020E840FE40E}"
EndProject
Project("{9A19103F-16F7-4668-BE54-9A1E7A4F7556}") = "TaskConsoleApp", "TaskConsoleApp\TaskConsoleApp.csproj", "{EADB9B26-E55E-442B-9514-7E38ECB17393}"
EndProject
Project("{FAE04EC0-301F-11D3-BF4B-00C04F79EFBC}") = "TaskThreadApp", "TaskThreadApp\TaskThreadApp.csproj", "{C4AF459D-1336-4B80-92D2-D8E05F762E20}"
EndProject
Global
	GlobalSection(SolutionConfigurationPlatforms) = preSolution
		Debug|Any CPU = Debug|Any CPU
		Release|Any CPU = Release|Any CPU
	EndGlobalSection
	GlobalSection(ProjectConfigurationPlatforms) = postSolution
		{27FE40A2-D88E-4C81-A0D9-FD791E2C508B}.Debug|Any CPU.ActiveCfg = Debug|Any CPU
		{27FE40A2-D88E-4C81-A0D9-FD791E2C508B}.Debug|Any CPU.Build.0 = Debug|Any CPU
		{27FE40A2-D88E-4C81-A0D9-FD791E2C508B}.Release|Any CPU.ActiveCfg = Release|Any CPU
		{27FE40A2-D88E-4C81-A0D9-FD791E2C508B}.Release|Any CPU.Build.0 = Release|Any CPU
		{D7E53F6A-FD5C-45F8-96F5-020E840FE40E}.Debug|Any CPU.ActiveCfg = Debug|Any CPU
		{D7E53F6A-FD5C-45F8-96F5-020E840FE40E}.Debug|Any CPU.Build.0 = Debug|Any CPU
		{D7E53F6A-FD5C-45F8-96F5-020E840FE40E}.Release|Any CPU.ActiveCfg = Release|Any CPU
		{D7E53F6A-FD5C-45F8-96F5-020E840FE40E}.Release|Any CPU.Build.0 = Release|Any CPU
		{EADB9B26-E55E-442B-9514-7E38ECB17393}.Debug|Any CPU.ActiveCfg = Debug|Any CPU
		{EADB9B26-E55E-442B-9514-7E38ECB17393}.Debug|Any CPU.Build.0 = Debug|Any CPU
		{EADB9B26-E55E-442B-9514-7E38ECB17393}.Release|Any CPU.ActiveCfg = Release|Any CPU
		{EADB9B26-E55E-442B-9514-7E38ECB17393}.Release|Any CPU.Build.0 = Release|Any CPU
		{C4AF459D-1336-4B80-92D2-D8E05F762E20}.Debug|Any CPU.ActiveCfg = Debug|Any CPU
		{C4AF459D-1336-4B80-92D2-D8E05F762E20}.Debug|Any CPU.Build.0 = Debug|Any CPU
		{C4AF459D-1336-4B80-92D2-D8E05F762E20}.Release|Any CPU.ActiveCfg = Release|Any CPU
		{C4AF459D-1336-4B80-92D2-D8E05F762E20}.Release|Any CPU.Build.0 = Release|Any CPU
	EndGlobalSection
	GlobalSection(SolutionProperties) = preSolution
		HideSolutionNode = FALSE
	EndGlobalSection
	GlobalSection(ExtensibilityGlobals) = postSolution
		SolutionGuid = {EFD9FABB-B9B9-41B9-857A-B1E7DE1B0097}
	EndGlobalSection
EndGlobal
